
Microsoft Visual Studio Solution File, Format Version 12.00
# Visual Studio Version 16
VisualStudioVersion = 16.0.30804.86
MinimumVisualStudioVersion = 10.0.40219.1
Project("{FAE04EC0-301F-11D3-BF4B-00C04F79EFBC}") = "DataAccess", "DataAccess\DataAccess.csproj", "{47353A47-FA72-4A2C-9C0C-DAEEF7D9D4D4}"
EndProject
Project("{FAE04EC0-301F-11D3-BF4B-00C04F79EFBC}") = "Business", "Business\Business.csproj", "{6EFA2437-660D-4E89-9BD0-47F7F43A2A75}"
EndProject
Project("{FAE04EC0-301F-11D3-BF4B-00C04F79EFBC}") = "Entities", "Entities\Entities.csproj", "{E4A79C8B-586B-4BF9-B471-5A1828C5D53A}"
EndProject
Project("{FAE04EC0-301F-11D3-BF4B-00C04F79EFBC}") = "ConsoleUI", "ConsoleUI\ConsoleUI.csproj", "{EABA98E1-6954-4556-A9B4-B7188574EA5C}"
EndProject
Global
	GlobalSection(SolutionConfigurationPlatforms) = preSolution
		Debug|Any CPU = Debug|Any CPU
		Release|Any CPU = Release|Any CPU
	EndGlobalSection
	GlobalSection(ProjectConfigurationPlatforms) = postSolution
		{47353A47-FA72-4A2C-9C0C-DAEEF7D9D4D4}.Debug|Any CPU.ActiveCfg = Debug|Any CPU
		{47353A47-FA72-4A2C-9C0C-DAEEF7D9D4D4}.Debug|Any CPU.Build.0 = Debug|Any CPU
		{47353A47-FA72-4A2C-9C0C-DAEEF7D9D4D4}.Release|Any CPU.ActiveCfg = Release|Any CPU
		{47353A47-FA72-4A2C-9C0C-DAEEF7D9D4D4}.Release|Any CPU.Build.0 = Release|Any CPU
		{6EFA2437-660D-4E89-9BD0-47F7F43A2A75}.Debug|Any CPU.ActiveCfg = Debug|Any CPU
		{6EFA2437-660D-4E89-9BD0-47F7F43A2A75}.Debug|Any CPU.Build.0 = Debug|Any CPU
		{6EFA2437-660D-4E89-9BD0-47F7F43A2A75}.Release|Any CPU.ActiveCfg = Release|Any CPU
		{6EFA2437-660D-4E89-9BD0-47F7F43A2A75}.Release|Any CPU.Build.0 = Release|Any CPU
		{E4A79C8B-586B-4BF9-B471-5A1828C5D53A}.Debug|Any CPU.ActiveCfg = Debug|Any CPU
		{E4A79C8B-586B-4BF9-B471-5A1828C5D53A}.Debug|Any CPU.Build.0 = Debug|Any CPU
		{E4A79C8B-586B-4BF9-B471-5A1828C5D53A}.Release|Any CPU.ActiveCfg = Release|Any CPU
		{E4A79C8B-586B-4BF9-B471-5A1828C5D53A}.Release|Any CPU.Build.0 = Release|Any CPU
		{EABA98E1-6954-4556-A9B4-B7188574EA5C}.Debug|Any CPU.ActiveCfg = Debug|Any CPU
		{EABA98E1-6954-4556-A9B4-B7188574EA5C}.Debug|Any CPU.Build.0 = Debug|Any CPU
		{EABA98E1-6954-4556-A9B4-B7188574EA5C}.Release|Any CPU.ActiveCfg = Release|Any CPU
		{EABA98E1-6954-4556-A9B4-B7188574EA5C}.Release|Any CPU.Build.0 = Release|Any CPU
	EndGlobalSection
	GlobalSection(SolutionProperties) = preSolution
		HideSolutionNode = FALSE
	EndGlobalSection
	GlobalSection(ExtensibilityGlobals) = postSolution
		SolutionGuid = {01DA22B0-0C85-4B8D-B7A1-465BCCDD0DA1}
	EndGlobalSection
EndGlobal
